
Microsoft Visual Studio Solution File, Format Version 12.00
Project("{FAE04EC0-301F-11D3-BF4B-00C04F79EFBC}") = "eb4364u20201e843.API", "eb4364u20201e843.API\eb4364u20201e843.API.csproj", "{FA26EE84-FE2B-41FB-9389-0B543D262A22}"
EndProject
Global
	GlobalSection(SolutionConfigurationPlatforms) = preSolution
		Debug|Any CPU = Debug|Any CPU
		Release|Any CPU = Release|Any CPU
	EndGlobalSection
	GlobalSection(ProjectConfigurationPlatforms) = postSolution
		{FA26EE84-FE2B-41FB-9389-0B543D262A22}.Debug|Any CPU.ActiveCfg = Debug|Any CPU
		{FA26EE84-FE2B-41FB-9389-0B543D262A22}.Debug|Any CPU.Build.0 = Debug|Any CPU
		{FA26EE84-FE2B-41FB-9389-0B543D262A22}.Release|Any CPU.ActiveCfg = Release|Any CPU
		{FA26EE84-FE2B-41FB-9389-0B543D262A22}.Release|Any CPU.Build.0 = Release|Any CPU
	EndGlobalSection
EndGlobal
